
Microsoft Visual Studio Solution File, Format Version 12.00
# Visual Studio Version 16
VisualStudioVersion = 16.0.31829.152
MinimumVisualStudioVersion = 10.0.40219.1
Project("{9A19103F-16F7-4668-BE54-9A1E7A4F7556}") = "TsadriuUtilities", "TsadriuUtilities\TsadriuUtilities.csproj", "{AC3E568E-CDE5-4592-B0C4-FB5555295443}"
EndProject
Project("{FAE04EC0-301F-11D3-BF4B-00C04F79EFBC}") = "TsadriuUtilities.DateTime", "TsadriuUtilities.DateTime\TsadriuUtilities.DateTime.csproj", "{2636636C-E684-48D0-884F-6847625643F1}"
EndProject
Project("{FAE04EC0-301F-11D3-BF4B-00C04F79EFBC}") = "Test", "Test\Test.csproj", "{6C3BF74D-968B-493B-BD9F-A2999BEC22B0}"
EndProject
Global
	GlobalSection(SolutionConfigurationPlatforms) = preSolution
		Debug|Any CPU = Debug|Any CPU
		Release|Any CPU = Release|Any CPU
	EndGlobalSection
	GlobalSection(ProjectConfigurationPlatforms) = postSolution
		{AC3E568E-CDE5-4592-B0C4-FB5555295443}.Debug|Any CPU.ActiveCfg = Debug|Any CPU
		{AC3E568E-CDE5-4592-B0C4-FB5555295443}.Debug|Any CPU.Build.0 = Debug|Any CPU
		{AC3E568E-CDE5-4592-B0C4-FB5555295443}.Release|Any CPU.ActiveCfg = Release|Any CPU
		{AC3E568E-CDE5-4592-B0C4-FB5555295443}.Release|Any CPU.Build.0 = Release|Any CPU
		{2636636C-E684-48D0-884F-6847625643F1}.Debug|Any CPU.ActiveCfg = Debug|Any CPU
		{2636636C-E684-48D0-884F-6847625643F1}.Debug|Any CPU.Build.0 = Debug|Any CPU
		{2636636C-E684-48D0-884F-6847625643F1}.Release|Any CPU.ActiveCfg = Release|Any CPU
		{2636636C-E684-48D0-884F-6847625643F1}.Release|Any CPU.Build.0 = Release|Any CPU
		{6C3BF74D-968B-493B-BD9F-A2999BEC22B0}.Debug|Any CPU.ActiveCfg = Debug|Any CPU
		{6C3BF74D-968B-493B-BD9F-A2999BEC22B0}.Debug|Any CPU.Build.0 = Debug|Any CPU
		{6C3BF74D-968B-493B-BD9F-A2999BEC22B0}.Release|Any CPU.ActiveCfg = Release|Any CPU
		{6C3BF74D-968B-493B-BD9F-A2999BEC22B0}.Release|Any CPU.Build.0 = Release|Any CPU
	EndGlobalSection
	GlobalSection(SolutionProperties) = preSolution
		HideSolutionNode = FALSE
	EndGlobalSection
	GlobalSection(ExtensibilityGlobals) = postSolution
		SolutionGuid = {EE861A58-E211-4E5E-981B-A2812EB657A0}
	EndGlobalSection
EndGlobal
